
Microsoft Visual Studio Solution File, Format Version 12.00
# Visual Studio Version 17
VisualStudioVersion = 17.14.36221.1 d17.14
MinimumVisualStudioVersion = 10.0.40219.1
Project("{FAE04EC0-301F-11D3-BF4B-00C04F79EFBC}") = "ECommerce", "ECommerce.csproj", "{53CF1C60-4238-42B9-8833-ED1390A5743C}"
EndProject
Global
	GlobalSection(SolutionConfigurationPlatforms) = preSolution
		Debug|Any CPU = Debug|Any CPU
		Release|Any CPU = Release|Any CPU
	EndGlobalSection
	GlobalSection(ProjectConfigurationPlatforms) = postSolution
		{53CF1C60-4238-42B9-8833-ED1390A5743C}.Debug|Any CPU.ActiveCfg = Debug|Any CPU
		{53CF1C60-4238-42B9-8833-ED1390A5743C}.Debug|Any CPU.Build.0 = Debug|Any CPU
		{53CF1C60-4238-42B9-8833-ED1390A5743C}.Release|Any CPU.ActiveCfg = Release|Any CPU
		{53CF1C60-4238-42B9-8833-ED1390A5743C}.Release|Any CPU.Build.0 = Release|Any CPU
	EndGlobalSection
	GlobalSection(SolutionProperties) = preSolution
		HideSolutionNode = FALSE
	EndGlobalSection
	GlobalSection(ExtensibilityGlobals) = postSolution
		SolutionGuid = {647AD516-ADF3-4272-BF5A-B392093FCBFC}
	EndGlobalSection
EndGlobal
